
Microsoft Visual Studio Solution File, Format Version 12.00
# Visual Studio Version 17
VisualStudioVersion = 17.8.34525.116
MinimumVisualStudioVersion = 10.0.40219.1
Project("{9A19103F-16F7-4668-BE54-9A1E7A4F7556}") = "WpfRaziLedgerApp", "WpfRaziLedgerApp.csproj", "{8C7B76EA-1BE2-4F34-870B-2F9367D3A2C5}"
EndProject
Project("{9A19103F-16F7-4668-BE54-9A1E7A4F7556}") = "WpfAppEmpty", "..\WpfAppEmpty\WpfAppEmpty.csproj", "{537D5907-1A7B-4697-8D3E-BAD8FD4E4D1E}"
EndProject
Global
	GlobalSection(SolutionConfigurationPlatforms) = preSolution
		Debug|Any CPU = Debug|Any CPU
		Debug|x64 = Debug|x64
		Release|Any CPU = Release|Any CPU
		Release|x64 = Release|x64
	EndGlobalSection
	GlobalSection(ProjectConfigurationPlatforms) = postSolution
		{8C7B76EA-1BE2-4F34-870B-2F9367D3A2C5}.Debug|Any CPU.ActiveCfg = Debug|Any CPU
		{8C7B76EA-1BE2-4F34-870B-2F9367D3A2C5}.Debug|Any CPU.Build.0 = Debug|Any CPU
		{8C7B76EA-1BE2-4F34-870B-2F9367D3A2C5}.Debug|x64.ActiveCfg = Debug|Any CPU
		{8C7B76EA-1BE2-4F34-870B-2F9367D3A2C5}.Debug|x64.Build.0 = Debug|Any CPU
		{8C7B76EA-1BE2-4F34-870B-2F9367D3A2C5}.Release|Any CPU.ActiveCfg = Release|Any CPU
		{8C7B76EA-1BE2-4F34-870B-2F9367D3A2C5}.Release|Any CPU.Build.0 = Release|Any CPU
		{8C7B76EA-1BE2-4F34-870B-2F9367D3A2C5}.Release|x64.ActiveCfg = Release|Any CPU
		{8C7B76EA-1BE2-4F34-870B-2F9367D3A2C5}.Release|x64.Build.0 = Release|Any CPU
		{537D5907-1A7B-4697-8D3E-BAD8FD4E4D1E}.Debug|Any CPU.ActiveCfg = Debug|Any CPU
		{537D5907-1A7B-4697-8D3E-BAD8FD4E4D1E}.Debug|Any CPU.Build.0 = Debug|Any CPU
		{537D5907-1A7B-4697-8D3E-BAD8FD4E4D1E}.Debug|x64.ActiveCfg = Debug|Any CPU
		{537D5907-1A7B-4697-8D3E-BAD8FD4E4D1E}.Debug|x64.Build.0 = Debug|Any CPU
		{537D5907-1A7B-4697-8D3E-BAD8FD4E4D1E}.Release|Any CPU.ActiveCfg = Release|Any CPU
		{537D5907-1A7B-4697-8D3E-BAD8FD4E4D1E}.Release|Any CPU.Build.0 = Release|Any CPU
		{537D5907-1A7B-4697-8D3E-BAD8FD4E4D1E}.Release|x64.ActiveCfg = Release|Any CPU
		{537D5907-1A7B-4697-8D3E-BAD8FD4E4D1E}.Release|x64.Build.0 = Release|Any CPU
	EndGlobalSection
	GlobalSection(SolutionProperties) = preSolution
		HideSolutionNode = FALSE
	EndGlobalSection
	GlobalSection(ExtensibilityGlobals) = postSolution
		SolutionGuid = {DDB172E9-1683-46FC-8C37-C0643085C541}
	EndGlobalSection
EndGlobal
